PODS:
  - AWSAuthCore (2.12.5):
    - AWSCore (= 2.12.5)
  - AWSAuthUI (2.12.5):
    - AWSAuthCore (= 2.12.5)
    - AWSCore (= 2.12.5)
  - AWSCognitoIdentityProvider (2.12.5):
    - AWSCognitoIdentityProviderASF (= 1.0.1)
    - AWSCore (= 2.12.5)
  - AWSCognitoIdentityProviderASF (1.0.1)
  - AWSCore (2.12.5)
  - AWSMobileClient (2.12.5):
    - AWSAuthCore (= 2.12.5)
    - AWSCognitoIdentityProvider (= 2.12.5)
  - AWSUserPoolsSignIn (2.12.5):
    - AWSAuthCore (= 2.12.5)
    - AWSCognitoIdentityProvider (= 2.12.5)

DEPENDENCIES:
  - AWSAuthUI (~> 2.12.0)
  - AWSMobileClient (~> 2.12.0)
  - AWSUserPoolsSignIn (~> 2.12.0)

SPEC REPOS:
  https://github.com/cocoapods/specs.git:
    - AWSAuthCore
    - AWSAuthUI
    - AWSCognitoIdentityProvider
    - AWSCognitoIdentityProviderASF
    - AWSCore
    - AWSMobileClient
    - AWSUserPoolsSignIn

SPEC CHECKSUMS:
  AWSAuthCore: 6b81b748f2fc0b315cda0acdf55f3a540eb8f9b7
  AWSAuthUI: 03e83f0a9fab660d43cb57e2fe073965737b910a
  AWSCognitoIdentityProvider: 7c8cbd6477fd84ccce33a349a46fb44d07edb252
  AWSCognitoIdentityProviderASF: f94f1a502e72ef3d0a1de93e10bf7a79c8698118
  AWSCore: 543d1c281ad08401d0a99e181526aa529051a8ad
  AWSMobileClient: 5ce94de58005c3042e99d51c2e6bec7956ef2b36
  AWSUserPoolsSignIn: 96d6c17f826b2cc9f3232ae96900d8df4b5cee24

PODFILE CHECKSUM: 784a32bbf4f609fba89b57731c9058880aa3ca75

COCOAPODS: 1.5.3
