// !$*UTF8*$!
{
	archiveVersion = 1;
	classes = {
	};
	objectVersion = 50;
	objects = {

/* Begin PBXBuildFile section */
		1E50955323CAAB9D008A204E /* LoginViewController.swift in Sources */ = {isa = PBXBuildFile; fileRef = 1E50955223CAAB9D008A204E /* LoginViewController.swift */; };
		1E50955523CBC8B7008A204E /* SignUpViewController.swift in Sources */ = {isa = PBXBuildFile; fileRef = 1E50955423CBC8B7008A204E /* SignUpViewController.swift */; };
		1E50955723CBCC5C008A204E /* ConfirmUserViewController.swift in Sources */ = {isa = PBXBuildFile; fileRef = 1E50955623CBCC5C008A204E /* ConfirmUserViewController.swift */; };
		41EFE40DB9615791F6337865 /* Pods_amplify_cognito_ios_sample.framework in Frameworks */ = {isa = PBXBuildFile; fileRef = FF9F31CA77EA6FEBF47F36A8 /* Pods_amplify_cognito_ios_sample.framework */; };
		C51D1E2823C7749400565E9A /* Main.storyboard in Resources */ = {isa = PBXBuildFile; fileRef = C51D1E2723C7749400565E9A /* Main.storyboard */; };
		C51D1E2A23C774E600565E9A /* ViewController.swift in Sources */ = {isa = PBXBuildFile; fileRef = C51D1E2923C774E600565E9A /* ViewController.swift */; };
		C53C657E23C4CA3D0034D3B2 /* AppDelegate.swift in Sources */ = {isa = PBXBuildFile; fileRef = C53C657D23C4CA3D0034D3B2 /* AppDelegate.swift */; };
		C53C658023C4CA3D0034D3B2 /* SceneDelegate.swift in Sources */ = {isa = PBXBuildFile; fileRef = C53C657F23C4CA3D0034D3B2 /* SceneDelegate.swift */; };
		C53C658423C4CA400034D3B2 /* Assets.xcassets in Resources */ = {isa = PBXBuildFile; fileRef = C53C658323C4CA400034D3B2 /* Assets.xcassets */; };
		C53C658A23C4CA400034D3B2 /* LaunchScreen.storyboard in Resources */ = {isa = PBXBuildFile; fileRef = C53C658823C4CA400034D3B2 /* LaunchScreen.storyboard */; };
		C53C659223C4D43E0034D3B2 /* Cognito.swift in Sources */ = {isa = PBXBuildFile; fileRef = C53C659123C4D43E0034D3B2 /* Cognito.swift */; };
		C59BD7A623D86F1D00AE069B /* awsconfiguration.json in Resources */ = {isa = PBXBuildFile; fileRef = C59BD7A523D86F1D00AE069B /* awsconfiguration.json */; };
/* End PBXBuildFile section */

/* Begin PBXFileReference section */
		1E50955223CAAB9D008A204E /* LoginViewController.swift */ = {isa = PBXFileReference; fileEncoding = 4; lastKnownFileType = sourcecode.swift; path = LoginViewController.swift; sourceTree = "<group>"; };
		1E50955423CBC8B7008A204E /* SignUpViewController.swift */ = {isa = PBXFileReference; fileEncoding = 4; lastKnownFileType = sourcecode.swift; path = SignUpViewController.swift; sourceTree = "<group>"; };
		1E50955623CBCC5C008A204E /* ConfirmUserViewController.swift */ = {isa = PBXFileReference; fileEncoding = 4; lastKnownFileType = sourcecode.swift; path = ConfirmUserViewController.swift; sourceTree = "<group>"; };
		AF9C83E6ACB924C883562BD8 /* Pods-amplify-cognito-ios-sample.release.xcconfig */ = {isa = PBXFileReference; includeInIndex = 1; lastKnownFileType = text.xcconfig; name = "Pods-amplify-cognito-ios-sample.release.xcconfig"; path = "Pods/Target Support Files/Pods-amplify-cognito-ios-sample/Pods-amplify-cognito-ios-sample.release.xcconfig"; sourceTree = "<group>"; };
		C14B6E762CB8D1BA3F6CE643 /* Pods-amplify-cognito-ios-sample.debug.xcconfig */ = {isa = PBXFileReference; includeInIndex = 1; lastKnownFileType = text.xcconfig; name = "Pods-amplify-cognito-ios-sample.debug.xcconfig"; path = "Pods/Target Support Files/Pods-amplify-cognito-ios-sample/Pods-amplify-cognito-ios-sample.debug.xcconfig"; sourceTree = "<group>"; };
		C51D1E2723C7749400565E9A /* Main.storyboard */ = {isa = PBXFileReference; lastKnownFileType = file.storyboard; path = Main.storyboard; sourceTree = "<group>"; };
		C51D1E2923C774E600565E9A /* ViewController.swift */ = {isa = PBXFileReference; lastKnownFileType = sourcecode.swift; path = ViewController.swift; sourceTree = "<group>"; };
		C53C657A23C4CA3D0034D3B2 /* amplify-cognito-ios-sample.app */ = {isa = PBXFileReference; explicitFileType = wrapper.application; includeInIndex = 0; path = "amplify-cognito-ios-sample.app"; sourceTree = BUILT_PRODUCTS_DIR; };
		C53C657D23C4CA3D0034D3B2 /* AppDelegate.swift */ = {isa = PBXFileReference; lastKnownFileType = sourcecode.swift; path = AppDelegate.swift; sourceTree = "<group>"; };
		C53C657F23C4CA3D0034D3B2 /* SceneDelegate.swift */ = {isa = PBXFileReference; lastKnownFileType = sourcecode.swift; path = SceneDelegate.swift; sourceTree = "<group>"; };
		C53C658323C4CA400034D3B2 /* Assets.xcassets */ = {isa = PBXFileReference; lastKnownFileType = folder.assetcatalog; path = Assets.xcassets; sourceTree = "<group>"; };
		C53C658923C4CA400034D3B2 /* Base */ = {isa = PBXFileReference; lastKnownFileType = file.storyboard; name = Base; path = Base.lproj/LaunchScreen.storyboard; sourceTree = "<group>"; };
		C53C658B23C4CA400034D3B2 /* Info.plist */ = {isa = PBXFileReference; lastKnownFileType = text.plist.xml; path = Info.plist; sourceTree = "<group>"; };
		C53C659123C4D43E0034D3B2 /* Cognito.swift */ = {isa = PBXFileReference; lastKnownFileType = sourcecode.swift; path = Cognito.swift; sourceTree = "<group>"; };
		C59BD7A523D86F1D00AE069B /* awsconfiguration.json */ = {isa = PBXFileReference; fileEncoding = 4; lastKnownFileType = text.json; path = awsconfiguration.json; sourceTree = "<group>"; };
		FF9F31CA77EA6FEBF47F36A8 /* Pods_amplify_cognito_ios_sample.framework */ = {isa = PBXFileReference; explicitFileType = wrapper.framework; includeInIndex = 0; path = Pods_amplify_cognito_ios_sample.framework; sourceTree = BUILT_PRODUCTS_DIR; };
/* End PBXFileReference section */

/* Begin PBXFrameworksBuildPhase section */
		C53C657723C4CA3D0034D3B2 /* Frameworks */ = {
			isa = PBXFrameworksBuildPhase;
			buildActionMask = 2147483647;
			files = (
				41EFE40DB9615791F6337865 /* Pods_amplify_cognito_ios_sample.framework in Frameworks */,
			);
			runOnlyForDeploymentPostprocessing = 0;
		};
/* End PBXFrameworksBuildPhase section */

/* Begin PBXGroup section */
		5EF4BDAA517FFDF8D94AE468 /* Frameworks */ = {
			isa = PBXGroup;
			children = (
				FF9F31CA77EA6FEBF47F36A8 /* Pods_amplify_cognito_ios_sample.framework */,
			);
			name = Frameworks;
			sourceTree = "<group>";
		};
		97DD57EE634747C5794574EA /* Pods */ = {
			isa = PBXGroup;
			children = (
				C14B6E762CB8D1BA3F6CE643 /* Pods-amplify-cognito-ios-sample.debug.xcconfig */,
				AF9C83E6ACB924C883562BD8 /* Pods-amplify-cognito-ios-sample.release.xcconfig */,
			);
			name = Pods;
			sourceTree = "<group>";
		};
		C53C657123C4CA3D0034D3B2 = {
			isa = PBXGroup;
			children = (
				C53C657C23C4CA3D0034D3B2 /* amplify-cognito-ios-sample */,
				C53C657B23C4CA3D0034D3B2 /* Products */,
				97DD57EE634747C5794574EA /* Pods */,
				5EF4BDAA517FFDF8D94AE468 /* Frameworks */,
			);
			sourceTree = "<group>";
		};
		C53C657B23C4CA3D0034D3B2 /* Products */ = {
			isa = PBXGroup;
			children = (
				C53C657A23C4CA3D0034D3B2 /* amplify-cognito-ios-sample.app */,
			);
			name = Products;
			sourceTree = "<group>";
		};
		C53C657C23C4CA3D0034D3B2 /* amplify-cognito-ios-sample */ = {
			isa = PBXGroup;
			children = (
				C59BD7A523D86F1D00AE069B /* awsconfiguration.json */,
				C53C657D23C4CA3D0034D3B2 /* AppDelegate.swift */,
				C53C657F23C4CA3D0034D3B2 /* SceneDelegate.swift */,
				C53C658323C4CA400034D3B2 /* Assets.xcassets */,
				C53C658823C4CA400034D3B2 /* LaunchScreen.storyboard */,
				C53C658B23C4CA400034D3B2 /* Info.plist */,
				C53C659123C4D43E0034D3B2 /* Cognito.swift */,
				C51D1E2723C7749400565E9A /* Main.storyboard */,
				1E50955223CAAB9D008A204E /* LoginViewController.swift */,
				1E50955423CBC8B7008A204E /* SignUpViewController.swift */,
				1E50955623CBCC5C008A204E /* ConfirmUserViewController.swift */,
				C51D1E2923C774E600565E9A /* ViewController.swift */,
			);
			path = "amplify-cognito-ios-sample";
			sourceTree = "<group>";
		};
/* End PBXGroup section */

/* Begin PBXNativeTarget section */
		C53C657923C4CA3D0034D3B2 /* amplify-cognito-ios-sample */ = {
			isa = PBXNativeTarget;
			buildConfigurationList = C53C658E23C4CA400034D3B2 /* Build configuration list for PBXNativeTarget "amplify-cognito-ios-sample" */;
			buildPhases = (
				A259B6CF1DEF984C4CBAEC58 /* [CP] Check Pods Manifest.lock */,
				C53C657623C4CA3D0034D3B2 /* Sources */,
				C53C657723C4CA3D0034D3B2 /* Frameworks */,
				C53C657823C4CA3D0034D3B2 /* Resources */,
				4ACD0B1A5714AB4EC983BA29 /* [CP] Embed Pods Frameworks */,
			);
			buildRules = (
			);
			dependencies = (
			);
			name = "amplify-cognito-ios-sample";
			productName = "amplify-cognito-ios-sample";
			productReference = C53C657A23C4CA3D0034D3B2 /* amplify-cognito-ios-sample.app */;
			productType = "com.apple.product-type.application";
		};
/* End PBXNativeTarget section */

/* Begin PBXProject section */
		C53C657223C4CA3D0034D3B2 /* Project object */ = {
			isa = PBXProject;
			attributes = {
				LastSwiftUpdateCheck = 1130;
				LastUpgradeCheck = 1130;
				ORGANIZATIONNAME = "Amazon Web Services";
				TargetAttributes = {
					C53C657923C4CA3D0034D3B2 = {
						CreatedOnToolsVersion = 11.3;
					};
				};
			};
			buildConfigurationList = C53C657523C4CA3D0034D3B2 /* Build configuration list for PBXProject "amplify-cognito-ios-sample" */;
			compatibilityVersion = "Xcode 9.3";
			developmentRegion = en;
			hasScannedForEncodings = 0;
			knownRegions = (
				en,
				Base,
			);
			mainGroup = C53C657123C4CA3D0034D3B2;
			productRefGroup = C53C657B23C4CA3D0034D3B2 /* Products */;
			projectDirPath = "";
			projectRoot = "";
			targets = (
				C53C657923C4CA3D0034D3B2 /* amplify-cognito-ios-sample */,
			);
		};
/* End PBXProject section */

/* Begin PBXResourcesBuildPhase section */
		C53C657823C4CA3D0034D3B2 /* Resources */ = {
			isa = PBXResourcesBuildPhase;
			buildActionMask = 2147483647;
			files = (
				C59BD7A623D86F1D00AE069B /* awsconfiguration.json in Resources */,
				C51D1E2823C7749400565E9A /* Main.storyboard in Resources */,
				C53C658A23C4CA400034D3B2 /* LaunchScreen.storyboard in Resources */,
				C53C658423C4CA400034D3B2 /* Assets.xcassets in Resources */,
			);
			runOnlyForDeploymentPostprocessing = 0;
		};
/* End PBXResourcesBuildPhase section */

/* Begin PBXShellScriptBuildPhase section */
		4ACD0B1A5714AB4EC983BA29 /* [CP] Embed Pods Frameworks */ = {
			isa = PBXShellScriptBuildPhase;
			buildActionMask = 2147483647;
			files = (
			);
			inputFileListPaths = (
			);
			inputPaths = (
				"${SRCROOT}/Pods/Target Support Files/Pods-amplify-cognito-ios-sample/Pods-amplify-cognito-ios-sample-frameworks.sh",
				"${BUILT_PRODUCTS_DIR}/AWSAuthCore/AWSAuthCore.framework",
				"${BUILT_PRODUCTS_DIR}/AWSAuthUI/AWSAuthUI.framework",
				"${BUILT_PRODUCTS_DIR}/AWSCognitoIdentityProvider/AWSCognitoIdentityProvider.framework",
				"${BUILT_PRODUCTS_DIR}/AWSCognitoIdentityProviderASF/AWSCognitoIdentityProviderASF.framework",
				"${BUILT_PRODUCTS_DIR}/AWSCore/AWSCore.framework",
				"${BUILT_PRODUCTS_DIR}/AWSMobileClient/AWSMobileClient.framework",
				"${BUILT_PRODUCTS_DIR}/AWSUserPoolsSignIn/AWSUserPoolsSignIn.framework",
			);
			name = "[CP] Embed Pods Frameworks";
			outputFileListPaths = (
			);
			outputPaths = (
				"${TARGET_BUILD_DIR}/${FRAMEWORKS_FOLDER_PATH}/AWSAuthCore.framework",
				"${TARGET_BUILD_DIR}/${FRAMEWORKS_FOLDER_PATH}/AWSAuthUI.framework",
				"${TARGET_BUILD_DIR}/${FRAMEWORKS_FOLDER_PATH}/AWSCognitoIdentityProvider.framework",
				"${TARGET_BUILD_DIR}/${FRAMEWORKS_FOLDER_PATH}/AWSCognitoIdentityProviderASF.framework",
				"${TARGET_BUILD_DIR}/${FRAMEWORKS_FOLDER_PATH}/AWSCore.framework",
				"${TARGET_BUILD_DIR}/${FRAMEWORKS_FOLDER_PATH}/AWSMobileClient.framework",
				"${TARGET_BUILD_DIR}/${FRAMEWORKS_FOLDER_PATH}/AWSUserPoolsSignIn.framework",
			);
			runOnlyForDeploymentPostprocessing = 0;
			shellPath = /bin/sh;
			shellScript = "\"${SRCROOT}/Pods/Target Support Files/Pods-amplify-cognito-ios-sample/Pods-amplify-cognito-ios-sample-frameworks.sh\"\n";
			showEnvVarsInLog = 0;
		};
		A259B6CF1DEF984C4CBAEC58 /* [CP] Check Pods Manifest.lock */ = {
			isa = PBXShellScriptBuildPhase;
			buildActionMask = 2147483647;
			files = (
			);
			inputFileListPaths = (
			);
			inputPaths = (
				"${PODS_PODFILE_DIR_PATH}/Podfile.lock",
				"${PODS_ROOT}/Manifest.lock",
			);
			name = "[CP] Check Pods Manifest.lock";
			outputFileListPaths = (
			);
			outputPaths = (
				"$(DERIVED_FILE_DIR)/Pods-amplify-cognito-ios-sample-checkManifestLockResult.txt",
			);
			runOnlyForDeploymentPostprocessing = 0;
			shellPath = /bin/sh;
			shellScript = "diff \"${PODS_PODFILE_DIR_PATH}/Podfile.lock\" \"${PODS_ROOT}/Manifest.lock\" > /dev/null\nif [ $? != 0 ] ; then\n    # print error to STDERR\n    echo \"error: The sandbox is not in sync with the Podfile.lock. Run 'pod install' or update your CocoaPods installation.\" >&2\n    exit 1\nfi\n# This output is used by Xcode 'outputs' to avoid re-running this script phase.\necho \"SUCCESS\" > \"${SCRIPT_OUTPUT_FILE_0}\"\n";
			showEnvVarsInLog = 0;
		};
/* End PBXShellScriptBuildPhase section */

/* Begin PBXSourcesBuildPhase section */
		C53C657623C4CA3D0034D3B2 /* Sources */ = {
			isa = PBXSourcesBuildPhase;
			buildActionMask = 2147483647;
			files = (
				1E50955523CBC8B7008A204E /* SignUpViewController.swift in Sources */,
				1E50955323CAAB9D008A204E /* LoginViewController.swift in Sources */,
				C51D1E2A23C774E600565E9A /* ViewController.swift in Sources */,
				1E50955723CBCC5C008A204E /* ConfirmUserViewController.swift in Sources */,
				C53C657E23C4CA3D0034D3B2 /* AppDelegate.swift in Sources */,
				C53C658023C4CA3D0034D3B2 /* SceneDelegate.swift in Sources */,
				C53C659223C4D43E0034D3B2 /* Cognito.swift in Sources */,
			);
			runOnlyForDeploymentPostprocessing = 0;
		};
/* End PBXSourcesBuildPhase section */

/* Begin PBXVariantGroup section */
		C53C658823C4CA400034D3B2 /* LaunchScreen.storyboard */ = {
			isa = PBXVariantGroup;
			children = (
				C53C658923C4CA400034D3B2 /* Base */,
			);
			name = LaunchScreen.storyboard;
			sourceTree = "<group>";
		};
/* End PBXVariantGroup section */

/* Begin XCBuildConfiguration section */
		C53C658C23C4CA400034D3B2 /* Debug */ = {
			isa = XCBuildConfiguration;
			buildSettings = {
				ALWAYS_SEARCH_USER_PATHS = NO;
				CLANG_ANALYZER_NONNULL = YES;
				CLANG_ANALYZER_NUMBER_OBJECT_CONVERSION = YES_AGGRESSIVE;
				CLANG_CXX_LANGUAGE_STANDARD = "gnu++14";
				CLANG_CXX_LIBRARY = "libc++";
				CLANG_ENABLE_MODULES = YES;
				CLANG_ENABLE_OBJC_ARC = YES;
				CLANG_ENABLE_OBJC_WEAK = YES;
				CLANG_WARN_BLOCK_CAPTURE_AUTORELEASING = YES;
				CLANG_WARN_BOOL_CONVERSION = YES;
				CLANG_WARN_COMMA = YES;
				CLANG_WARN_CONSTANT_CONVERSION = YES;
				CLANG_WARN_DEPRECATED_OBJC_IMPLEMENTATIONS = YES;
				CLANG_WARN_DIRECT_OBJC_ISA_USAGE = YES_ERROR;
				CLANG_WARN_DOCUMENTATION_COMMENTS = YES;
				CLANG_WARN_EMPTY_BODY = YES;
				CLANG_WARN_ENUM_CONVERSION = YES;
				CLANG_WARN_INFINITE_RECURSION = YES;
				CLANG_WARN_INT_CONVERSION = YES;
				CLANG_WARN_NON_LITERAL_NULL_CONVERSION = YES;
				CLANG_WARN_OBJC_IMPLICIT_RETAIN_SELF = YES;
				CLANG_WARN_OBJC_LITERAL_CONVERSION = YES;
				CLANG_WARN_OBJC_ROOT_CLASS = YES_ERROR;
				CLANG_WARN_RANGE_LOOP_ANALYSIS = YES;
				CLANG_WARN_STRICT_PROTOTYPES = YES;
				CLANG_WARN_SUSPICIOUS_MOVE = YES;
				CLANG_WARN_UNGUARDED_AVAILABILITY = YES_AGGRESSIVE;
				CLANG_WARN_UNREACHABLE_CODE = YES;
				CLANG_WARN__DUPLICATE_METHOD_MATCH = YES;
				COPY_PHASE_STRIP = NO;
				DEBUG_INFORMATION_FORMAT = dwarf;
				ENABLE_STRICT_OBJC_MSGSEND = YES;
				ENABLE_TESTABILITY = YES;
				GCC_C_LANGUAGE_STANDARD = gnu11;
				GCC_DYNAMIC_NO_PIC = NO;
				GCC_NO_COMMON_BLOCKS = YES;
				GCC_OPTIMIZATION_LEVEL = 0;
				GCC_PREPROCESSOR_DEFINITIONS = (
					"DEBUG=1",
					"$(inherited)",
				);
				GCC_WARN_64_TO_32_BIT_CONVERSION = YES;
				GCC_WARN_ABOUT_RETURN_TYPE = YES_ERROR;
				GCC_WARN_UNDECLARED_SELECTOR = YES;
				GCC_WARN_UNINITIALIZED_AUTOS = YES_AGGRESSIVE;
				GCC_WARN_UNUSED_FUNCTION = YES;
				GCC_WARN_UNUSED_VARIABLE = YES;
				IPHONEOS_DEPLOYMENT_TARGET = 13.2;
				MTL_ENABLE_DEBUG_INFO = INCLUDE_SOURCE;
				MTL_FAST_MATH = YES;
				ONLY_ACTIVE_ARCH = YES;
				SDKROOT = iphoneos;
				SWIFT_ACTIVE_COMPILATION_CONDITIONS = DEBUG;
				SWIFT_OPTIMIZATION_LEVEL = "-Onone";
			};
			name = Debug;
		};
		C53C658D23C4CA400034D3B2 /* Release */ = {
			isa = XCBuildConfiguration;
			buildSettings = {
				ALWAYS_SEARCH_USER_PATHS = NO;
				CLANG_ANALYZER_NONNULL = YES;
				CLANG_ANALYZER_NUMBER_OBJECT_CONVERSION = YES_AGGRESSIVE;
				CLANG_CXX_LANGUAGE_STANDARD = "gnu++14";
				CLANG_CXX_LIBRARY = "libc++";
				CLANG_ENABLE_MODULES = YES;
				CLANG_ENABLE_OBJC_ARC = YES;
				CLANG_ENABLE_OBJC_WEAK = YES;
				CLANG_WARN_BLOCK_CAPTURE_AUTORELEASING = YES;
				CLANG_WARN_BOOL_CONVERSION = YES;
				CLANG_WARN_COMMA = YES;
				CLANG_WARN_CONSTANT_CONVERSION = YES;
				CLANG_WARN_DEPRECATED_OBJC_IMPLEMENTATIONS = YES;
				CLANG_WARN_DIRECT_OBJC_ISA_USAGE = YES_ERROR;
				CLANG_WARN_DOCUMENTATION_COMMENTS = YES;
				CLANG_WARN_EMPTY_BODY = YES;
				CLANG_WARN_ENUM_CONVERSION = YES;
				CLANG_WARN_INFINITE_RECURSION = YES;
				CLANG_WARN_INT_CONVERSION = YES;
				CLANG_WARN_NON_LITERAL_NULL_CONVERSION = YES;
				CLANG_WARN_OBJC_IMPLICIT_RETAIN_SELF = YES;
				CLANG_WARN_OBJC_LITERAL_CONVERSION = YES;
				CLANG_WARN_OBJC_ROOT_CLASS = YES_ERROR;
				CLANG_WARN_RANGE_LOOP_ANALYSIS = YES;
				CLANG_WARN_STRICT_PROTOTYPES = YES;
				CLANG_WARN_SUSPICIOUS_MOVE = YES;
				CLANG_WARN_UNGUARDED_AVAILABILITY = YES_AGGRESSIVE;
				CLANG_WARN_UNREACHABLE_CODE = YES;
				CLANG_WARN__DUPLICATE_METHOD_MATCH = YES;
				COPY_PHASE_STRIP = NO;
				DEBUG_INFORMATION_FORMAT = "dwarf-with-dsym";
				ENABLE_NS_ASSERTIONS = NO;
				ENABLE_STRICT_OBJC_MSGSEND = YES;
				GCC_C_LANGUAGE_STANDARD = gnu11;
				GCC_NO_COMMON_BLOCKS = YES;
				GCC_WARN_64_TO_32_BIT_CONVERSION = YES;
				GCC_WARN_ABOUT_RETURN_TYPE = YES_ERROR;
				GCC_WARN_UNDECLARED_SELECTOR = YES;
				GCC_WARN_UNINITIALIZED_AUTOS = YES_AGGRESSIVE;
				GCC_WARN_UNUSED_FUNCTION = YES;
				GCC_WARN_UNUSED_VARIABLE = YES;
				IPHONEOS_DEPLOYMENT_TARGET = 13.2;
				MTL_ENABLE_DEBUG_INFO = NO;
				MTL_FAST_MATH = YES;
				SDKROOT = iphoneos;
				SWIFT_COMPILATION_MODE = wholemodule;
				SWIFT_OPTIMIZATION_LEVEL = "-O";
				VALIDATE_PRODUCT = YES;
			};
			name = Release;
		};
		C53C658F23C4CA400034D3B2 /* Debug */ = {
			isa = XCBuildConfiguration;
			baseConfigurationReference = C14B6E762CB8D1BA3F6CE643 /* Pods-amplify-cognito-ios-sample.debug.xcconfig */;
			buildSettings = {
				ASSETCATALOG_COMPILER_APPICON_NAME = AppIcon;
				CODE_SIGN_STYLE = Automatic;
				DEVELOPMENT_ASSET_PATHS = "";
				DEVELOPMENT_TEAM = 48U93E3996;
				ENABLE_PREVIEWS = YES;
				INFOPLIST_FILE = "amplify-cognito-ios-sample/Info.plist";
				IPHONEOS_DEPLOYMENT_TARGET = 13.2;
				LD_RUNPATH_SEARCH_PATHS = (
					"$(inherited)",
					"@executable_path/Frameworks",
				);
				PRODUCT_BUNDLE_IDENTIFIER = "com.amazon.amplify-cognito-ios-sample";
				PRODUCT_NAME = "$(TARGET_NAME)";
				SWIFT_VERSION = 5.0;
				TARGETED_DEVICE_FAMILY = "1,2";
			};
			name = Debug;
		};
		C53C659023C4CA400034D3B2 /* Release */ = {
			isa = XCBuildConfiguration;
			baseConfigurationReference = AF9C83E6ACB924C883562BD8 /* Pods-amplify-cognito-ios-sample.release.xcconfig */;
			buildSettings = {
				ASSETCATALOG_COMPILER_APPICON_NAME = AppIcon;
				CODE_SIGN_STYLE = Automatic;
				DEVELOPMENT_ASSET_PATHS = "";
				DEVELOPMENT_TEAM = 48U93E3996;
				ENABLE_PREVIEWS = YES;
				INFOPLIST_FILE = "amplify-cognito-ios-sample/Info.plist";
				IPHONEOS_DEPLOYMENT_TARGET = 13.2;
				LD_RUNPATH_SEARCH_PATHS = (
					"$(inherited)",
					"@executable_path/Frameworks",
				);
				PRODUCT_BUNDLE_IDENTIFIER = "com.amazon.amplify-cognito-ios-sample";
				PRODUCT_NAME = "$(TARGET_NAME)";
				SWIFT_VERSION = 5.0;
				TARGETED_DEVICE_FAMILY = "1,2";
			};
			name = Release;
		};
/* End XCBuildConfiguration section */

/* Begin XCConfigurationList section */
		C53C657523C4CA3D0034D3B2 /* Build configuration list for PBXProject "amplify-cognito-ios-sample" */ = {
			isa = XCConfigurationList;
			buildConfigurations = (
				C53C658C23C4CA400034D3B2 /* Debug */,
				C53C658D23C4CA400034D3B2 /* Release */,
			);
			defaultConfigurationIsVisible = 0;
			defaultConfigurationName = Release;
		};
		C53C658E23C4CA400034D3B2 /* Build configuration list for PBXNativeTarget "amplify-cognito-ios-sample" */ = {
			isa = XCConfigurationList;
			buildConfigurations = (
				C53C658F23C4CA400034D3B2 /* Debug */,
				C53C659023C4CA400034D3B2 /* Release */,
			);
			defaultConfigurationIsVisible = 0;
			defaultConfigurationName = Release;
		};
/* End XCConfigurationList section */
	};
	rootObject = C53C657223C4CA3D0034D3B2 /* Project object */;
}
